
Microsoft Visual Studio Solution File, Format Version 12.00
# Visual Studio 15
VisualStudioVersion = 15.0.28307.757
MinimumVisualStudioVersion = 10.0.40219.1
Project("{FAE04EC0-301F-11D3-BF4B-00C04F79EFBC}") = "SalesWebMvc", "SalesWebMvc\SalesWebMvc.csproj", "{40FBE21F-3152-4628-A5F6-5D9DBEC06F6D}"
EndProject
Global
	GlobalSection(SolutionConfigurationPlatforms) = preSolution
		Debug|Any CPU = Debug|Any CPU
		Release|Any CPU = Release|Any CPU
	EndGlobalSection
	GlobalSection(ProjectConfigurationPlatforms) = postSolution
		{40FBE21F-3152-4628-A5F6-5D9DBEC06F6D}.Debug|Any CPU.ActiveCfg = Debug|Any CPU
		{40FBE21F-3152-4628-A5F6-5D9DBEC06F6D}.Debug|Any CPU.Build.0 = Debug|Any CPU
		{40FBE21F-3152-4628-A5F6-5D9DBEC06F6D}.Release|Any CPU.ActiveCfg = Release|Any CPU
		{40FBE21F-3152-4628-A5F6-5D9DBEC06F6D}.Release|Any CPU.Build.0 = Release|Any CPU
	EndGlobalSection
	GlobalSection(SolutionProperties) = preSolution
		HideSolutionNode = FALSE
	EndGlobalSection
	GlobalSection(ExtensibilityGlobals) = postSolution
		SolutionGuid = {8100B377-1BFD-4273-B03C-4B1BB1B00291}
	EndGlobalSection
EndGlobal
